
Microsoft Visual Studio Solution File, Format Version 12.00
# Visual Studio Version 17
VisualStudioVersion = 17.0.31919.166
MinimumVisualStudioVersion = 10.0.40219.1
Project("{8BC9CEB8-8B4A-11D0-8D11-00A0C91BC942}") = "XAtlasWrapper", "XAtlasWrapper\XAtlasWrapper.vcxproj", "{2B54D80E-8014-4AA0-A883-3713E3CE5003}"
EndProject
Project("{8BC9CEB8-8B4A-11D0-8D11-00A0C91BC942}") = "XAtlasConsole", "XAtlasConsole\XAtlasConsole.vcxproj", "{82B12E0C-9128-4EB7-BA79-5680D0F873AE}"
	ProjectSection(ProjectDependencies) = postProject
		{702F60B0-0C25-4596-819E-0B8AC01392E9} = {702F60B0-0C25-4596-819E-0B8AC01392E9}
	EndProjectSection
EndProject
Project("{9A19103F-16F7-4668-BE54-9A1E7A4F7556}") = "XAtlasDotNet", "XAtlasDotNet\XAtlasDotNet.csproj", "{702F60B0-0C25-4596-819E-0B8AC01392E9}"
	ProjectSection(ProjectDependencies) = postProject
		{2B54D80E-8014-4AA0-A883-3713E3CE5003} = {2B54D80E-8014-4AA0-A883-3713E3CE5003}
	EndProjectSection
EndProject
Project("{9A19103F-16F7-4668-BE54-9A1E7A4F7556}") = "XAtlasDotNetConsole", "XAtlasDotNetConsole\XAtlasDotNetConsole.csproj", "{D6394581-470A-45B8-A035-EF7A22BBCBAE}"
EndProject
Project("{2150E333-8FDC-42A3-9474-1A3956D46DE8}") = "Solution Items", "Solution Items", "{392E1BCD-9F9E-4FD3-B470-5D963F957225}"
	ProjectSection(SolutionItems) = preProject
		.editorconfig = .editorconfig
	EndProjectSection
EndProject
Global
	GlobalSection(SolutionConfigurationPlatforms) = preSolution
		Debug|Any CPU = Debug|Any CPU
		Debug|x64 = Debug|x64
		Debug|x86 = Debug|x86
		Release|Any CPU = Release|Any CPU
		Release|x64 = Release|x64
		Release|x86 = Release|x86
	EndGlobalSection
	GlobalSection(ProjectConfigurationPlatforms) = postSolution
		{2B54D80E-8014-4AA0-A883-3713E3CE5003}.Debug|Any CPU.ActiveCfg = Debug|x64
		{2B54D80E-8014-4AA0-A883-3713E3CE5003}.Debug|Any CPU.Build.0 = Debug|x64
		{2B54D80E-8014-4AA0-A883-3713E3CE5003}.Debug|x64.ActiveCfg = Debug|x64
		{2B54D80E-8014-4AA0-A883-3713E3CE5003}.Debug|x64.Build.0 = Debug|x64
		{2B54D80E-8014-4AA0-A883-3713E3CE5003}.Debug|x86.ActiveCfg = Debug|Win32
		{2B54D80E-8014-4AA0-A883-3713E3CE5003}.Debug|x86.Build.0 = Debug|Win32
		{2B54D80E-8014-4AA0-A883-3713E3CE5003}.Release|Any CPU.ActiveCfg = Release|x64
		{2B54D80E-8014-4AA0-A883-3713E3CE5003}.Release|Any CPU.Build.0 = Release|x64
		{2B54D80E-8014-4AA0-A883-3713E3CE5003}.Release|x64.ActiveCfg = Release|x64
		{2B54D80E-8014-4AA0-A883-3713E3CE5003}.Release|x64.Build.0 = Release|x64
		{2B54D80E-8014-4AA0-A883-3713E3CE5003}.Release|x86.ActiveCfg = Release|Win32
		{2B54D80E-8014-4AA0-A883-3713E3CE5003}.Release|x86.Build.0 = Release|Win32
		{82B12E0C-9128-4EB7-BA79-5680D0F873AE}.Debug|Any CPU.ActiveCfg = Debug|x64
		{82B12E0C-9128-4EB7-BA79-5680D0F873AE}.Debug|Any CPU.Build.0 = Debug|x64
		{82B12E0C-9128-4EB7-BA79-5680D0F873AE}.Debug|x64.ActiveCfg = Debug|x64
		{82B12E0C-9128-4EB7-BA79-5680D0F873AE}.Debug|x64.Build.0 = Debug|x64
		{82B12E0C-9128-4EB7-BA79-5680D0F873AE}.Debug|x86.ActiveCfg = Debug|Win32
		{82B12E0C-9128-4EB7-BA79-5680D0F873AE}.Debug|x86.Build.0 = Debug|Win32
		{82B12E0C-9128-4EB7-BA79-5680D0F873AE}.Release|Any CPU.ActiveCfg = Release|x64
		{82B12E0C-9128-4EB7-BA79-5680D0F873AE}.Release|Any CPU.Build.0 = Release|x64
		{82B12E0C-9128-4EB7-BA79-5680D0F873AE}.Release|x64.ActiveCfg = Release|x64
		{82B12E0C-9128-4EB7-BA79-5680D0F873AE}.Release|x64.Build.0 = Release|x64
		{82B12E0C-9128-4EB7-BA79-5680D0F873AE}.Release|x86.ActiveCfg = Release|Win32
		{82B12E0C-9128-4EB7-BA79-5680D0F873AE}.Release|x86.Build.0 = Release|Win32
		{702F60B0-0C25-4596-819E-0B8AC01392E9}.Debug|Any CPU.ActiveCfg = Debug|Any CPU
		{702F60B0-0C25-4596-819E-0B8AC01392E9}.Debug|Any CPU.Build.0 = Debug|Any CPU
		{702F60B0-0C25-4596-819E-0B8AC01392E9}.Debug|x64.ActiveCfg = Debug|Any CPU
		{702F60B0-0C25-4596-819E-0B8AC01392E9}.Debug|x64.Build.0 = Debug|Any CPU
		{702F60B0-0C25-4596-819E-0B8AC01392E9}.Debug|x86.ActiveCfg = Debug|Any CPU
		{702F60B0-0C25-4596-819E-0B8AC01392E9}.Debug|x86.Build.0 = Debug|Any CPU
		{702F60B0-0C25-4596-819E-0B8AC01392E9}.Release|Any CPU.ActiveCfg = Release|Any CPU
		{702F60B0-0C25-4596-819E-0B8AC01392E9}.Release|Any CPU.Build.0 = Release|Any CPU
		{702F60B0-0C25-4596-819E-0B8AC01392E9}.Release|x64.ActiveCfg = Release|Any CPU
		{702F60B0-0C25-4596-819E-0B8AC01392E9}.Release|x64.Build.0 = Release|Any CPU
		{702F60B0-0C25-4596-819E-0B8AC01392E9}.Release|x86.ActiveCfg = Release|Any CPU
		{702F60B0-0C25-4596-819E-0B8AC01392E9}.Release|x86.Build.0 = Release|Any CPU
		{D6394581-470A-45B8-A035-EF7A22BBCBAE}.Debug|Any CPU.ActiveCfg = Debug|Any CPU
		{D6394581-470A-45B8-A035-EF7A22BBCBAE}.Debug|Any CPU.Build.0 = Debug|Any CPU
		{D6394581-470A-45B8-A035-EF7A22BBCBAE}.Debug|x64.ActiveCfg = Debug|Any CPU
		{D6394581-470A-45B8-A035-EF7A22BBCBAE}.Debug|x64.Build.0 = Debug|Any CPU
		{D6394581-470A-45B8-A035-EF7A22BBCBAE}.Debug|x86.ActiveCfg = Debug|Any CPU
		{D6394581-470A-45B8-A035-EF7A22BBCBAE}.Debug|x86.Build.0 = Debug|Any CPU
		{D6394581-470A-45B8-A035-EF7A22BBCBAE}.Release|Any CPU.ActiveCfg = Release|Any CPU
		{D6394581-470A-45B8-A035-EF7A22BBCBAE}.Release|Any CPU.Build.0 = Release|Any CPU
		{D6394581-470A-45B8-A035-EF7A22BBCBAE}.Release|x64.ActiveCfg = Release|Any CPU
		{D6394581-470A-45B8-A035-EF7A22BBCBAE}.Release|x64.Build.0 = Release|Any CPU
		{D6394581-470A-45B8-A035-EF7A22BBCBAE}.Release|x86.ActiveCfg = Release|Any CPU
		{D6394581-470A-45B8-A035-EF7A22BBCBAE}.Release|x86.Build.0 = Release|Any CPU
	EndGlobalSection
	GlobalSection(SolutionProperties) = preSolution
		HideSolutionNode = FALSE
	EndGlobalSection
	GlobalSection(ExtensibilityGlobals) = postSolution
		SolutionGuid = {54BB4B13-17FE-4B4D-96A1-44D26163042F}
	EndGlobalSection
EndGlobal
